
Microsoft Visual Studio Solution File, Format Version 12.00
# Visual Studio Version 16
VisualStudioVersion = 16.0.30517.126
MinimumVisualStudioVersion = 10.0.40219.1
Project("{8BC9CEB8-8B4A-11D0-8D11-00A0C91BC942}") = "аааааааа", "аааааааа\аааааааа.vcxproj", "{4A8B302E-7351-49A8-8F43-25B7B83C2ECF}"
EndProject
Global
	GlobalSection(SolutionConfigurationPlatforms) = preSolution
		Debug|x64 = Debug|x64
		Debug|x86 = Debug|x86
		Release|x64 = Release|x64
		Release|x86 = Release|x86
	EndGlobalSection
	GlobalSection(ProjectConfigurationPlatforms) = postSolution
		{4A8B302E-7351-49A8-8F43-25B7B83C2ECF}.Debug|x64.ActiveCfg = Debug|x64
		{4A8B302E-7351-49A8-8F43-25B7B83C2ECF}.Debug|x64.Build.0 = Debug|x64
		{4A8B302E-7351-49A8-8F43-25B7B83C2ECF}.Debug|x86.ActiveCfg = Debug|Win32
		{4A8B302E-7351-49A8-8F43-25B7B83C2ECF}.Debug|x86.Build.0 = Debug|Win32
		{4A8B302E-7351-49A8-8F43-25B7B83C2ECF}.Release|x64.ActiveCfg = Release|x64
		{4A8B302E-7351-49A8-8F43-25B7B83C2ECF}.Release|x64.Build.0 = Release|x64
		{4A8B302E-7351-49A8-8F43-25B7B83C2ECF}.Release|x86.ActiveCfg = Release|Win32
		{4A8B302E-7351-49A8-8F43-25B7B83C2ECF}.Release|x86.Build.0 = Release|Win32
	EndGlobalSection
	GlobalSection(SolutionProperties) = preSolution
		HideSolutionNode = FALSE
	EndGlobalSection
	GlobalSection(ExtensibilityGlobals) = postSolution
		SolutionGuid = {AEE20FF9-02A7-4166-8067-35ECA4D00C4A}
	EndGlobalSection
EndGlobal
